
Microsoft Visual Studio Solution File, Format Version 12.00
# Visual Studio Version 16
VisualStudioVersion = 16.0.30114.105
MinimumVisualStudioVersion = 10.0.40219.1
Project("{FAE04EC0-301F-11D3-BF4B-00C04F79EFBC}") = "myWebApp", "web\myWebApp.csproj", "{216C0654-B14C-4002-A717-B64A0466161F}"
EndProject
Project("{FAE04EC0-301F-11D3-BF4B-00C04F79EFBC}") = "projectone", "projectone\projectone.csproj", "{0AB5BB6E-E054-482B-8C14-B830302CFA36}"
EndProject
Project("{FAE04EC0-301F-11D3-BF4B-00C04F79EFBC}") = "projecttwo", "projecttwo\projecttwo.csproj", "{8144F3DF-334A-4F28-83DA-5FDFCBC084E6}"
EndProject
Global
	GlobalSection(SolutionConfigurationPlatforms) = preSolution
		Debug|Any CPU = Debug|Any CPU
		Release|Any CPU = Release|Any CPU
	EndGlobalSection
	GlobalSection(SolutionProperties) = preSolution
		HideSolutionNode = FALSE
	EndGlobalSection
	GlobalSection(ProjectConfigurationPlatforms) = postSolution
		{216C0654-B14C-4002-A717-B64A0466161F}.Debug|Any CPU.ActiveCfg = Debug|Any CPU
		{216C0654-B14C-4002-A717-B64A0466161F}.Debug|Any CPU.Build.0 = Debug|Any CPU
		{216C0654-B14C-4002-A717-B64A0466161F}.Release|Any CPU.ActiveCfg = Release|Any CPU
		{216C0654-B14C-4002-A717-B64A0466161F}.Release|Any CPU.Build.0 = Release|Any CPU
		{0AB5BB6E-E054-482B-8C14-B830302CFA36}.Debug|Any CPU.ActiveCfg = Debug|Any CPU
		{0AB5BB6E-E054-482B-8C14-B830302CFA36}.Debug|Any CPU.Build.0 = Debug|Any CPU
		{0AB5BB6E-E054-482B-8C14-B830302CFA36}.Release|Any CPU.ActiveCfg = Release|Any CPU
		{0AB5BB6E-E054-482B-8C14-B830302CFA36}.Release|Any CPU.Build.0 = Release|Any CPU
		{8144F3DF-334A-4F28-83DA-5FDFCBC084E6}.Debug|Any CPU.ActiveCfg = Debug|Any CPU
		{8144F3DF-334A-4F28-83DA-5FDFCBC084E6}.Debug|Any CPU.Build.0 = Debug|Any CPU
		{8144F3DF-334A-4F28-83DA-5FDFCBC084E6}.Release|Any CPU.ActiveCfg = Release|Any CPU
		{8144F3DF-334A-4F28-83DA-5FDFCBC084E6}.Release|Any CPU.Build.0 = Release|Any CPU
	EndGlobalSection
EndGlobal
